
Microsoft Visual Studio Solution File, Format Version 12.00
# Visual Studio Version 16
VisualStudioVersion = 16.0.31005.135
MinimumVisualStudioVersion = 10.0.40219.1
Project("{FAE04EC0-301F-11D3-BF4B-00C04F79EFBC}") = "ForgingTest", "ForgingTest.csproj", "{CC3704B0-90EE-4E62-B88D-0A43E332183F}"
EndProject
Global
	GlobalSection(SolutionConfigurationPlatforms) = preSolution
		Debug|Any CPU = Debug|Any CPU
		Release|Any CPU = Release|Any CPU
	EndGlobalSection
	GlobalSection(ProjectConfigurationPlatforms) = postSolution
		{CC3704B0-90EE-4E62-B88D-0A43E332183F}.Debug|Any CPU.ActiveCfg = Debug|Any CPU
		{CC3704B0-90EE-4E62-B88D-0A43E332183F}.Debug|Any CPU.Build.0 = Debug|Any CPU
		{CC3704B0-90EE-4E62-B88D-0A43E332183F}.Release|Any CPU.ActiveCfg = Release|Any CPU
		{CC3704B0-90EE-4E62-B88D-0A43E332183F}.Release|Any CPU.Build.0 = Release|Any CPU
	EndGlobalSection
	GlobalSection(SolutionProperties) = preSolution
		HideSolutionNode = FALSE
	EndGlobalSection
	GlobalSection(ExtensibilityGlobals) = postSolution
		SolutionGuid = {C183EE9C-C236-4835-BED8-88B60FA21F50}
	EndGlobalSection
EndGlobal
